PODS:
  - Flutter (1.0.0)
  - replicant (0.0.1):
    - Flutter

DEPENDENCIES:
  - Flutter (from `.symlinks/flutter/ios`)
  - replicant (from `.symlinks/plugins/replicant/ios`)

EXTERNAL SOURCES:
  Flutter:
    :path: ".symlinks/flutter/ios"
  replicant:
    :path: ".symlinks/plugins/replicant/ios"

SPEC CHECKSUMS:
  Flutter: 58dd7d1b27887414a370fcccb9e645c08ffd7a6a
  replicant: dd5b3daab4f8848c96e141e11c2eaf728205646b

PODFILE CHECKSUM: 7fb83752f59ead6285236625b82473f90b1cb932

COCOAPODS: 1.7.5
